
Microsoft Visual Studio Solution File, Format Version 12.00
# Visual Studio Version 16
VisualStudioVersion = 16.0.30611.23
MinimumVisualStudioVersion = 10.0.40219.1
Project("{FAE04EC0-301F-11D3-BF4B-00C04F79EFBC}") = "CreaturesOfTheSea", "CreaturesOfTheSea.csproj", "{3E192344-BCA6-454E-9301-5BA80D6CFA55}"
EndProject
Global
	GlobalSection(SolutionConfigurationPlatforms) = preSolution
		Debug|Any CPU = Debug|Any CPU
		Release|Any CPU = Release|Any CPU
	EndGlobalSection
	GlobalSection(ProjectConfigurationPlatforms) = postSolution
		{3E192344-BCA6-454E-9301-5BA80D6CFA55}.Debug|Any CPU.ActiveCfg = Debug|Any CPU
		{3E192344-BCA6-454E-9301-5BA80D6CFA55}.Debug|Any CPU.Build.0 = Debug|Any CPU
		{3E192344-BCA6-454E-9301-5BA80D6CFA55}.Release|Any CPU.ActiveCfg = Release|Any CPU
		{3E192344-BCA6-454E-9301-5BA80D6CFA55}.Release|Any CPU.Build.0 = Release|Any CPU
	EndGlobalSection
	GlobalSection(SolutionProperties) = preSolution
		HideSolutionNode = FALSE
	EndGlobalSection
	GlobalSection(ExtensibilityGlobals) = postSolution
		SolutionGuid = {B829228A-C6AB-488E-9826-40F97CD5632B}
	EndGlobalSection
EndGlobal
